
Microsoft Visual Studio Solution File, Format Version 12.00
# Visual Studio Version 17
VisualStudioVersion = 17.1.32421.90
MinimumVisualStudioVersion = 10.0.40219.1
Project("{FAE04EC0-301F-11D3-BF4B-00C04F79EFBC}") = "ServerSocketUtils", "ServerSocketUtils\ServerSocketUtils.csproj", "{9645DABC-566B-4FE3-A0E4-B566E39CD2EC}"
EndProject
Project("{FAE04EC0-301F-11D3-BF4B-00C04F79EFBC}") = "Medidor", "Medidor\Medidor.csproj", "{5EA0438D-10BC-4F29-A9A0-92D5016ED5A2}"
EndProject
Project("{FAE04EC0-301F-11D3-BF4B-00C04F79EFBC}") = "MedidorModel", "MedidorModel\MedidorModel.csproj", "{6ECA6D42-0F84-4E81-91BD-54C9212D03A2}"
EndProject
Global
	GlobalSection(SolutionConfigurationPlatforms) = preSolution
		Debug|Any CPU = Debug|Any CPU
		Release|Any CPU = Release|Any CPU
	EndGlobalSection
	GlobalSection(ProjectConfigurationPlatforms) = postSolution
		{9645DABC-566B-4FE3-A0E4-B566E39CD2EC}.Debug|Any CPU.ActiveCfg = Debug|Any CPU
		{9645DABC-566B-4FE3-A0E4-B566E39CD2EC}.Debug|Any CPU.Build.0 = Debug|Any CPU
		{9645DABC-566B-4FE3-A0E4-B566E39CD2EC}.Release|Any CPU.ActiveCfg = Release|Any CPU
		{9645DABC-566B-4FE3-A0E4-B566E39CD2EC}.Release|Any CPU.Build.0 = Release|Any CPU
		{5EA0438D-10BC-4F29-A9A0-92D5016ED5A2}.Debug|Any CPU.ActiveCfg = Debug|Any CPU
		{5EA0438D-10BC-4F29-A9A0-92D5016ED5A2}.Debug|Any CPU.Build.0 = Debug|Any CPU
		{5EA0438D-10BC-4F29-A9A0-92D5016ED5A2}.Release|Any CPU.ActiveCfg = Release|Any CPU
		{5EA0438D-10BC-4F29-A9A0-92D5016ED5A2}.Release|Any CPU.Build.0 = Release|Any CPU
		{6ECA6D42-0F84-4E81-91BD-54C9212D03A2}.Debug|Any CPU.ActiveCfg = Debug|Any CPU
		{6ECA6D42-0F84-4E81-91BD-54C9212D03A2}.Debug|Any CPU.Build.0 = Debug|Any CPU
		{6ECA6D42-0F84-4E81-91BD-54C9212D03A2}.Release|Any CPU.ActiveCfg = Release|Any CPU
		{6ECA6D42-0F84-4E81-91BD-54C9212D03A2}.Release|Any CPU.Build.0 = Release|Any CPU
	EndGlobalSection
	GlobalSection(SolutionProperties) = preSolution
		HideSolutionNode = FALSE
	EndGlobalSection
	GlobalSection(ExtensibilityGlobals) = postSolution
		SolutionGuid = {B37A3AF9-1B3C-4BF0-9F7F-A29DBE378B60}
	EndGlobalSection
EndGlobal
